{
  "name": "react-tutorial",
  "lockfileVersion": 2,
  "requires": true,
  "packages": {
    "": {
      "license": "UNLICENSED",
      "dependencies": {
        "@sentry/browser": "^7.17.1",
        "@sentry/react": "^7.17.1",
        "@sentry/tracing": "^7.17.1"
      }
    },
    "node_modules/@sentry/browser": {
      "version": "7.17.1",
      "resolved": "https://registry.npmjs.org/@sentry/browser/-/browser-7.17.1.tgz",
      "integrity": "sha512-9W2OHgXBedHwtK5jG+Zh0WqItO178PZqrdPn6oQYLwO55XDjWKfgb1GuvHwjEK7JslqmjgY6mCmHG9JEse0Oog==",
      "dependencies": {
        "@sentry/core": "7.17.1",
        "@sentry/types": "7.17.1",
        "@sentry/utils": "7.17.1",
        "tslib": "^1.9.3"
      },
      "engines": {
        "node": ">=8"
      }
    },
    "node_modules/@sentry/core": {
      "version": "7.17.1",
      "resolved": "https://registry.npmjs.org/@sentry/core/-/core-7.17.1.tgz",
      "integrity": "sha512-SA9SmKNn2zLrZt+lOnaGN9ko5yU72PUh2fac76CU3QfyYdMwe7BxWiZTb3C6ipy11bfJfDYM3ZbeCOBk68sirg==",
      "dependencies": {
        "@sentry/types": "7.17.1",
        "@sentry/utils": "7.17.1",
        "tslib": "^1.9.3"
      },
      "engines": {
        "node": ">=8"
      }
    },
    "node_modules/@sentry/react": {
      "version": "7.17.1",
      "resolved": "https://registry.npmjs.org/@sentry/react/-/react-7.17.1.tgz",
      "integrity": "sha512-QInrCVm3LarT/B5ebM3CoTMrdhtiYkKQNe17MRNJNbCEIY1pVAcSSLCPdTbv534YgKbigj+gREhiefcnBNeipw==",
      "dependencies": {
        "@sentry/browser": "7.17.1",
        "@sentry/types": "7.17.1",
        "@sentry/utils": "7.17.1",
        "hoist-non-react-statics": "^3.3.2",
        "tslib": "^1.9.3"
      },
      "engines": {
        "node": ">=8"
      },
      "peerDependencies": {
        "react": "15.x || 16.x || 17.x || 18.x"
      }
    },
    "node_modules/@sentry/tracing": {
      "version": "7.17.1",
      "resolved": "https://registry.npmjs.org/@sentry/tracing/-/tracing-7.17.1.tgz",
      "integrity": "sha512-eepg2QiR6FIwFPt3VJ2S/ixA5vryVKQ63a6E+Ta9eRuc0ZbUo6+3tBcTtG3Oo+liLTl//3eo7rKdLxi76cGuBw==",
      "dependencies": {
        "@sentry/core": "7.17.1",
        "@sentry/types": "7.17.1",
        "@sentry/utils": "7.17.1",
        "tslib": "^1.9.3"
      },
      "engines": {
        "node": ">=8"
      }
    },
    "node_modules/@sentry/types": {
      "version": "7.17.1",
      "resolved": "https://registry.npmjs.org/@sentry/types/-/types-7.17.1.tgz",
      "integrity": "sha512-1rMZInb0rypqslYzJukiHe+EpHI/zgYiTK816I5pF8/e0JrE3WD/j+ZSugMYszczJIECCKtfI0Rst6jWn7Zs8Q==",
      "engines": {
        "node": ">=8"
      }
    },
    "node_modules/@sentry/utils": {
      "version": "7.17.1",
      "resolved": "https://registry.npmjs.org/@sentry/utils/-/utils-7.17.1.tgz",
      "integrity": "sha512-dypRfPRGfPPu7+x6r4zbEJwTTE9XlSLZBdq8BRvazaWBLZ6tQXYH/3U8hHaNVkdO6ELX53B6gLVRCyKFdUIUYw==",
      "dependencies": {
        "@sentry/types": "7.17.1",
        "tslib": "^1.9.3"
      },
      "engines": {
        "node": ">=8"
      }
    },
    "node_modules/hoist-non-react-statics": {
      "version": "3.3.2",
      "resolved": "https://registry.npmjs.org/hoist-non-react-statics/-/hoist-non-react-statics-3.3.2.tgz",
      "integrity": "sha512-/gGivxi8JPKWNm/W0jSmzcMPpfpPLc3dY/6GxhX2hQ9iGj3aDfklV4ET7NjKpSinLpJ5vafa9iiGIEZg10SfBw==",
      "dependencies": {
        "react-is": "^16.7.0"
      }
    },
    "node_modules/js-tokens": {
      "version": "4.0.0",
      "resolved": "https://registry.npmjs.org/js-tokens/-/js-tokens-4.0.0.tgz",
      "integrity": "sha512-RdJUflcE3cUzKiMqQgsCu06FPu9UdIJO0beYbPhHN4k6apgJtifcoCtT9bcxOpYBtpD2kCM6Sbzg4CausW/PKQ==",
      "peer": true
    },
    "node_modules/loose-envify": {
      "version": "1.4.0",
      "resolved": "https://registry.npmjs.org/loose-envify/-/loose-envify-1.4.0.tgz",
      "integrity": "sha512-lyuxPGr/Wfhrlem2CL/UcnUc1zcqKAImBDzukY7Y5F/yQiNdko6+fRLevlw1HgMySw7f611UIY408EtxRSoK3Q==",
      "peer": true,
      "dependencies": {
        "js-tokens": "^3.0.0 || ^4.0.0"
      },
      "bin": {
        "loose-envify": "cli.js"
      }
    },
    "node_modules/react": {
      "version": "18.2.0",
      "resolved": "https://registry.npmjs.org/react/-/react-18.2.0.tgz",
      "integrity": "sha512-/3IjMdb2L9QbBdWiW5e3P2/npwMBaU9mHCSCUzNln0ZCYbcfTsGbTJrU/kGemdH2IWmB2ioZ+zkxtmq6g09fGQ==",
      "peer": true,
      "dependencies": {
        "loose-envify": "^1.1.0"
      },
      "engines": {
        "node": ">=0.10.0"
      }
    },
    "node_modules/react-is": {
      "version": "16.13.1",
      "resolved": "https://registry.npmjs.org/react-is/-/react-is-16.13.1.tgz",
      "integrity": "sha512-24e6ynE2H+OKt4kqsOvNd8kBpV65zoxbA4BVsEOB3ARVWQki/DHzaUoC5KuON/BiccDaCCTZBuOcfZs70kR8bQ=="
    },
    "node_modules/tslib": {
      "version": "1.14.1",
      "resolved": "https://registry.npmjs.org/tslib/-/tslib-1.14.1.tgz",
      "integrity": "sha512-Xni35NKzjgMrwevysHTCArtLDpPvye8zV/0E4EyYn43P7/7qvQwPh9BGkHewbMulVntbigmcT7rdX3BNo9wRJg=="
    }
  },
  "dependencies": {
    "@sentry/browser": {
      "version": "7.17.1",
      "resolved": "https://registry.npmjs.org/@sentry/browser/-/browser-7.17.1.tgz",
      "integrity": "sha512-9W2OHgXBedHwtK5jG+Zh0WqItO178PZqrdPn6oQYLwO55XDjWKfgb1GuvHwjEK7JslqmjgY6mCmHG9JEse0Oog==",
      "requires": {
        "@sentry/core": "7.17.1",
        "@sentry/types": "7.17.1",
        "@sentry/utils": "7.17.1",
        "tslib": "^1.9.3"
      }
    },
    "@sentry/core": {
      "version": "7.17.1",
      "resolved": "https://registry.npmjs.org/@sentry/core/-/core-7.17.1.tgz",
      "integrity": "sha512-SA9SmKNn2zLrZt+lOnaGN9ko5yU72PUh2fac76CU3QfyYdMwe7BxWiZTb3C6ipy11bfJfDYM3ZbeCOBk68sirg==",
      "requires": {
        "@sentry/types": "7.17.1",
        "@sentry/utils": "7.17.1",
        "tslib": "^1.9.3"
      }
    },
    "@sentry/react": {
      "version": "7.17.1",
      "resolved": "https://registry.npmjs.org/@sentry/react/-/react-7.17.1.tgz",
      "integrity": "sha512-QInrCVm3LarT/B5ebM3CoTMrdhtiYkKQNe17MRNJNbCEIY1pVAcSSLCPdTbv534YgKbigj+gREhiefcnBNeipw==",
      "requires": {
        "@sentry/browser": "7.17.1",
        "@sentry/types": "7.17.1",
        "@sentry/utils": "7.17.1",
        "hoist-non-react-statics": "^3.3.2",
        "tslib": "^1.9.3"
      }
    },
    "@sentry/tracing": {
      "version": "7.17.1",
      "resolved": "https://registry.npmjs.org/@sentry/tracing/-/tracing-7.17.1.tgz",
      "integrity": "sha512-eepg2QiR6FIwFPt3VJ2S/ixA5vryVKQ63a6E+Ta9eRuc0ZbUo6+3tBcTtG3Oo+liLTl//3eo7rKdLxi76cGuBw==",
      "requires": {
        "@sentry/core": "7.17.1",
        "@sentry/types": "7.17.1",
        "@sentry/utils": "7.17.1",
        "tslib": "^1.9.3"
      }
    },
    "@sentry/types": {
      "version": "7.17.1",
      "resolved": "https://registry.npmjs.org/@sentry/types/-/types-7.17.1.tgz",
      "integrity": "sha512-1rMZInb0rypqslYzJukiHe+EpHI/zgYiTK816I5pF8/e0JrE3WD/j+ZSugMYszczJIECCKtfI0Rst6jWn7Zs8Q=="
    },
    "@sentry/utils": {
      "version": "7.17.1",
      "resolved": "https://registry.npmjs.org/@sentry/utils/-/utils-7.17.1.tgz",
      "integrity": "sha512-dypRfPRGfPPu7+x6r4zbEJwTTE9XlSLZBdq8BRvazaWBLZ6tQXYH/3U8hHaNVkdO6ELX53B6gLVRCyKFdUIUYw==",
      "requires": {
        "@sentry/types": "7.17.1",
        "tslib": "^1.9.3"
      }
    },
    "hoist-non-react-statics": {
      "version": "3.3.2",
      "resolved": "https://registry.npmjs.org/hoist-non-react-statics/-/hoist-non-react-statics-3.3.2.tgz",
      "integrity": "sha512-/gGivxi8JPKWNm/W0jSmzcMPpfpPLc3dY/6GxhX2hQ9iGj3aDfklV4ET7NjKpSinLpJ5vafa9iiGIEZg10SfBw==",
      "requires": {
        "react-is": "^16.7.0"
      }
    },
    "js-tokens": {
      "version": "4.0.0",
      "resolved": "https://registry.npmjs.org/js-tokens/-/js-tokens-4.0.0.tgz",
      "integrity": "sha512-RdJUflcE3cUzKiMqQgsCu06FPu9UdIJO0beYbPhHN4k6apgJtifcoCtT9bcxOpYBtpD2kCM6Sbzg4CausW/PKQ==",
      "peer": true
    },
    "loose-envify": {
      "version": "1.4.0",
      "resolved": "https://registry.npmjs.org/loose-envify/-/loose-envify-1.4.0.tgz",
      "integrity": "sha512-lyuxPGr/Wfhrlem2CL/UcnUc1zcqKAImBDzukY7Y5F/yQiNdko6+fRLevlw1HgMySw7f611UIY408EtxRSoK3Q==",
      "peer": true,
      "requires": {
        "js-tokens": "^3.0.0 || ^4.0.0"
      }
    },
    "react": {
      "version": "18.2.0",
      "resolved": "https://registry.npmjs.org/react/-/react-18.2.0.tgz",
      "integrity": "sha512-/3IjMdb2L9QbBdWiW5e3P2/npwMBaU9mHCSCUzNln0ZCYbcfTsGbTJrU/kGemdH2IWmB2ioZ+zkxtmq6g09fGQ==",
      "peer": true,
      "requires": {
        "loose-envify": "^1.1.0"
      }
    },
    "react-is": {
      "version": "16.13.1",
      "resolved": "https://registry.npmjs.org/react-is/-/react-is-16.13.1.tgz",
      "integrity": "sha512-24e6ynE2H+OKt4kqsOvNd8kBpV65zoxbA4BVsEOB3ARVWQki/DHzaUoC5KuON/BiccDaCCTZBuOcfZs70kR8bQ=="
    },
    "tslib": {
      "version": "1.14.1",
      "resolved": "https://registry.npmjs.org/tslib/-/tslib-1.14.1.tgz",
      "integrity": "sha512-Xni35NKzjgMrwevysHTCArtLDpPvye8zV/0E4EyYn43P7/7qvQwPh9BGkHewbMulVntbigmcT7rdX3BNo9wRJg=="
    }
  }
}
